
Microsoft Visual Studio Solution File, Format Version 12.00
# Visual Studio Version 17
VisualStudioVersion = 17.5.33414.496
MinimumVisualStudioVersion = 10.0.40219.1
Project("{9A19103F-16F7-4668-BE54-9A1E7A4F7556}") = "WPFSistemaTutorias", "WPFSistemaTutorias\WPFSistemaTutorias.csproj", "{327C9A85-ECE6-482D-B9BE-1792BBC045D3}"
EndProject
Project("{FAE04EC0-301F-11D3-BF4B-00C04F79EFBC}") = "WCFSistemaTutorias", "WCFSistemaTutorias\WCFSistemaTutorias.csproj", "{0F28756A-DC1F-4C4F-8E82-AEBD150E4D6B}"
EndProject
Global
	GlobalSection(SolutionConfigurationPlatforms) = preSolution
		Debug|Any CPU = Debug|Any CPU
		Release|Any CPU = Release|Any CPU
	EndGlobalSection
	GlobalSection(ProjectConfigurationPlatforms) = postSolution
		{327C9A85-ECE6-482D-B9BE-1792BBC045D3}.Debug|Any CPU.ActiveCfg = Debug|Any CPU
		{327C9A85-ECE6-482D-B9BE-1792BBC045D3}.Debug|Any CPU.Build.0 = Debug|Any CPU
		{327C9A85-ECE6-482D-B9BE-1792BBC045D3}.Release|Any CPU.ActiveCfg = Release|Any CPU
		{327C9A85-ECE6-482D-B9BE-1792BBC045D3}.Release|Any CPU.Build.0 = Release|Any CPU
		{0F28756A-DC1F-4C4F-8E82-AEBD150E4D6B}.Debug|Any CPU.ActiveCfg = Debug|Any CPU
		{0F28756A-DC1F-4C4F-8E82-AEBD150E4D6B}.Debug|Any CPU.Build.0 = Debug|Any CPU
		{0F28756A-DC1F-4C4F-8E82-AEBD150E4D6B}.Release|Any CPU.ActiveCfg = Release|Any CPU
		{0F28756A-DC1F-4C4F-8E82-AEBD150E4D6B}.Release|Any CPU.Build.0 = Release|Any CPU
	EndGlobalSection
	GlobalSection(SolutionProperties) = preSolution
		HideSolutionNode = FALSE
	EndGlobalSection
	GlobalSection(ExtensibilityGlobals) = postSolution
		SolutionGuid = {667B96B4-2428-4E8C-8CFC-EA861BD5C98A}
	EndGlobalSection
EndGlobal
